
Microsoft Visual Studio Solution File, Format Version 12.00
# Visual Studio Version 16
VisualStudioVersion = 16.0.29306.81
MinimumVisualStudioVersion = 10.0.40219.1
Project("{2150E333-8FDC-42A3-9474-1A3956D46DE8}") = "competences", "competences", "{400B6485-D46B-4D43-8F86-43F484DD2C50}"
EndProject
Project("{9A19103F-16F7-4668-BE54-9A1E7A4F7556}") = "Competences.API", "Competences.API\Competences.API.csproj", "{A3CD8CEB-CA5E-4774-B829-0D6967F365B6}"
EndProject
Project("{2150E333-8FDC-42A3-9474-1A3956D46DE8}") = "src", "src", "{E714E4D3-BE67-4E33-9DB2-01D2C77DDBD1}"
EndProject
Project("{9A19103F-16F7-4668-BE54-9A1E7A4F7556}") = "CompetencesUnitTests", "CompetencesUnitTests\CompetencesUnitTests.csproj", "{90CEAC4A-A8A8-4C04-8153-0AF1EC8435E3}"
EndProject
Project("{9A19103F-16F7-4668-BE54-9A1E7A4F7556}") = "Common", "Common\Common.csproj", "{EF28B8A4-13D7-4E0A-AE24-8C930D803067}"
EndProject
Project("{9A19103F-16F7-4668-BE54-9A1E7A4F7556}") = "CompetencesIntegrationTests", "CompetencesIntegrationTests\CompetencesIntegrationTests.csproj", "{517A305C-04E4-4EB5-A209-E68285118E49}"
EndProject
Project("{9A19103F-16F7-4668-BE54-9A1E7A4F7556}") = "CommonTests", "CommonTests\CommonTests.csproj", "{4BDBBF27-0A62-4A1F-86FF-1B7AA693B5BA}"
EndProject
Project("{2150E333-8FDC-42A3-9474-1A3956D46DE8}") = "Common1", "Common1", "{2CBADDC1-B04E-41FB-894E-74492A44B8E4}"
EndProject
Global
	GlobalSection(SolutionConfigurationPlatforms) = preSolution
		Debug|Any CPU = Debug|Any CPU
		Release|Any CPU = Release|Any CPU
	EndGlobalSection
	GlobalSection(ProjectConfigurationPlatforms) = postSolution
		{A3CD8CEB-CA5E-4774-B829-0D6967F365B6}.Debug|Any CPU.ActiveCfg = Debug|Any CPU
		{A3CD8CEB-CA5E-4774-B829-0D6967F365B6}.Debug|Any CPU.Build.0 = Debug|Any CPU
		{A3CD8CEB-CA5E-4774-B829-0D6967F365B6}.Release|Any CPU.ActiveCfg = Release|Any CPU
		{A3CD8CEB-CA5E-4774-B829-0D6967F365B6}.Release|Any CPU.Build.0 = Release|Any CPU
		{90CEAC4A-A8A8-4C04-8153-0AF1EC8435E3}.Debug|Any CPU.ActiveCfg = Debug|Any CPU
		{90CEAC4A-A8A8-4C04-8153-0AF1EC8435E3}.Debug|Any CPU.Build.0 = Debug|Any CPU
		{90CEAC4A-A8A8-4C04-8153-0AF1EC8435E3}.Release|Any CPU.ActiveCfg = Release|Any CPU
		{90CEAC4A-A8A8-4C04-8153-0AF1EC8435E3}.Release|Any CPU.Build.0 = Release|Any CPU
		{EF28B8A4-13D7-4E0A-AE24-8C930D803067}.Debug|Any CPU.ActiveCfg = Debug|Any CPU
		{EF28B8A4-13D7-4E0A-AE24-8C930D803067}.Debug|Any CPU.Build.0 = Debug|Any CPU
		{EF28B8A4-13D7-4E0A-AE24-8C930D803067}.Release|Any CPU.ActiveCfg = Release|Any CPU
		{EF28B8A4-13D7-4E0A-AE24-8C930D803067}.Release|Any CPU.Build.0 = Release|Any CPU
		{517A305C-04E4-4EB5-A209-E68285118E49}.Debug|Any CPU.ActiveCfg = Debug|Any CPU
		{517A305C-04E4-4EB5-A209-E68285118E49}.Debug|Any CPU.Build.0 = Debug|Any CPU
		{517A305C-04E4-4EB5-A209-E68285118E49}.Release|Any CPU.ActiveCfg = Release|Any CPU
		{517A305C-04E4-4EB5-A209-E68285118E49}.Release|Any CPU.Build.0 = Release|Any CPU
		{4BDBBF27-0A62-4A1F-86FF-1B7AA693B5BA}.Debug|Any CPU.ActiveCfg = Debug|Any CPU
		{4BDBBF27-0A62-4A1F-86FF-1B7AA693B5BA}.Debug|Any CPU.Build.0 = Debug|Any CPU
		{4BDBBF27-0A62-4A1F-86FF-1B7AA693B5BA}.Release|Any CPU.ActiveCfg = Release|Any CPU
		{4BDBBF27-0A62-4A1F-86FF-1B7AA693B5BA}.Release|Any CPU.Build.0 = Release|Any CPU
	EndGlobalSection
	GlobalSection(SolutionProperties) = preSolution
		HideSolutionNode = FALSE
	EndGlobalSection
	GlobalSection(NestedProjects) = preSolution
		{400B6485-D46B-4D43-8F86-43F484DD2C50} = {E714E4D3-BE67-4E33-9DB2-01D2C77DDBD1}
		{A3CD8CEB-CA5E-4774-B829-0D6967F365B6} = {400B6485-D46B-4D43-8F86-43F484DD2C50}
		{90CEAC4A-A8A8-4C04-8153-0AF1EC8435E3} = {400B6485-D46B-4D43-8F86-43F484DD2C50}
		{EF28B8A4-13D7-4E0A-AE24-8C930D803067} = {2CBADDC1-B04E-41FB-894E-74492A44B8E4}
		{517A305C-04E4-4EB5-A209-E68285118E49} = {400B6485-D46B-4D43-8F86-43F484DD2C50}
		{4BDBBF27-0A62-4A1F-86FF-1B7AA693B5BA} = {2CBADDC1-B04E-41FB-894E-74492A44B8E4}
		{2CBADDC1-B04E-41FB-894E-74492A44B8E4} = {E714E4D3-BE67-4E33-9DB2-01D2C77DDBD1}
	EndGlobalSection
	GlobalSection(ExtensibilityGlobals) = postSolution
		SolutionGuid = {F5DC8FF0-FA4C-4833-A0E3-22D9C0669331}
	EndGlobalSection
EndGlobal
